
Microsoft Visual Studio Solution File, Format Version 12.00
# Visual Studio 14
VisualStudioVersion = 14.0.25420.1
MinimumVisualStudioVersion = 10.0.40219.1
Project("{FAE04EC0-301F-11D3-BF4B-00C04F79EFBC}") = "ProductorConsumerAsyncAwait", "ProductorConsumerAsyncAwait\ProductorConsumerAsyncAwait.csproj", "{5B42B692-8D79-4EE4-80C2-F30160BD16A4}"
EndProject
Project("{FAE04EC0-301F-11D3-BF4B-00C04F79EFBC}") = "AsynchronousCache", "AsynchronousCache\AsynchronousCache.csproj", "{3688144E-E384-4B65-99F6-12C0F3E4CB6F}"
EndProject
Project("{FAE04EC0-301F-11D3-BF4B-00C04F79EFBC}") = "AsynchronousCache.Tests", "AsynchronousCache.Tests\AsynchronousCache.Tests.csproj", "{C34EDAB1-F4CA-4E92-B06B-6C9AF0CF2115}"
EndProject
Global
	GlobalSection(SolutionConfigurationPlatforms) = preSolution
		Debug|Any CPU = Debug|Any CPU
		Release|Any CPU = Release|Any CPU
	EndGlobalSection
	GlobalSection(ProjectConfigurationPlatforms) = postSolution
		{5B42B692-8D79-4EE4-80C2-F30160BD16A4}.Debug|Any CPU.ActiveCfg = Debug|Any CPU
		{5B42B692-8D79-4EE4-80C2-F30160BD16A4}.Debug|Any CPU.Build.0 = Debug|Any CPU
		{5B42B692-8D79-4EE4-80C2-F30160BD16A4}.Release|Any CPU.ActiveCfg = Release|Any CPU
		{5B42B692-8D79-4EE4-80C2-F30160BD16A4}.Release|Any CPU.Build.0 = Release|Any CPU
		{3688144E-E384-4B65-99F6-12C0F3E4CB6F}.Debug|Any CPU.ActiveCfg = Debug|Any CPU
		{3688144E-E384-4B65-99F6-12C0F3E4CB6F}.Debug|Any CPU.Build.0 = Debug|Any CPU
		{3688144E-E384-4B65-99F6-12C0F3E4CB6F}.Release|Any CPU.ActiveCfg = Release|Any CPU
		{3688144E-E384-4B65-99F6-12C0F3E4CB6F}.Release|Any CPU.Build.0 = Release|Any CPU
		{C34EDAB1-F4CA-4E92-B06B-6C9AF0CF2115}.Debug|Any CPU.ActiveCfg = Debug|Any CPU
		{C34EDAB1-F4CA-4E92-B06B-6C9AF0CF2115}.Debug|Any CPU.Build.0 = Debug|Any CPU
		{C34EDAB1-F4CA-4E92-B06B-6C9AF0CF2115}.Release|Any CPU.ActiveCfg = Release|Any CPU
		{C34EDAB1-F4CA-4E92-B06B-6C9AF0CF2115}.Release|Any CPU.Build.0 = Release|Any CPU
	EndGlobalSection
	GlobalSection(SolutionProperties) = preSolution
		HideSolutionNode = FALSE
	EndGlobalSection
EndGlobal
